
Microsoft Visual Studio Solution File, Format Version 12.00
# Visual Studio 15
VisualStudioVersion = 15.0.26124.0
MinimumVisualStudioVersion = 15.0.26124.0
Project("{FAE04EC0-301F-11D3-BF4B-00C04F79EFBC}") = "BloomFilter.NET", "BloomFilter.NET\BloomFilter.NET.csproj", "{444A9458-9C22-4FC6-85CD-0D1E04D14193}"
EndProject
Project("{FAE04EC0-301F-11D3-BF4B-00C04F79EFBC}") = "BloomFilter.NET.Tests", "BloomFilter.NET.Tests\BloomFilter.NET.Tests.csproj", "{4B8287B4-9F92-4D6E-88C5-FCD4D4FAAB88}"
EndProject
Global
	GlobalSection(SolutionConfigurationPlatforms) = preSolution
		Debug|Any CPU = Debug|Any CPU
		Debug|x64 = Debug|x64
		Debug|x86 = Debug|x86
		Release|Any CPU = Release|Any CPU
		Release|x64 = Release|x64
		Release|x86 = Release|x86
	EndGlobalSection
	GlobalSection(SolutionProperties) = preSolution
		HideSolutionNode = FALSE
	EndGlobalSection
	GlobalSection(ProjectConfigurationPlatforms) = postSolution
		{444A9458-9C22-4FC6-85CD-0D1E04D14193}.Debug|Any CPU.ActiveCfg = Debug|Any CPU
		{444A9458-9C22-4FC6-85CD-0D1E04D14193}.Debug|Any CPU.Build.0 = Debug|Any CPU
		{444A9458-9C22-4FC6-85CD-0D1E04D14193}.Debug|x64.ActiveCfg = Debug|Any CPU
		{444A9458-9C22-4FC6-85CD-0D1E04D14193}.Debug|x64.Build.0 = Debug|Any CPU
		{444A9458-9C22-4FC6-85CD-0D1E04D14193}.Debug|x86.ActiveCfg = Debug|Any CPU
		{444A9458-9C22-4FC6-85CD-0D1E04D14193}.Debug|x86.Build.0 = Debug|Any CPU
		{444A9458-9C22-4FC6-85CD-0D1E04D14193}.Release|Any CPU.ActiveCfg = Release|Any CPU
		{444A9458-9C22-4FC6-85CD-0D1E04D14193}.Release|Any CPU.Build.0 = Release|Any CPU
		{444A9458-9C22-4FC6-85CD-0D1E04D14193}.Release|x64.ActiveCfg = Release|Any CPU
		{444A9458-9C22-4FC6-85CD-0D1E04D14193}.Release|x64.Build.0 = Release|Any CPU
		{444A9458-9C22-4FC6-85CD-0D1E04D14193}.Release|x86.ActiveCfg = Release|Any CPU
		{444A9458-9C22-4FC6-85CD-0D1E04D14193}.Release|x86.Build.0 = Release|Any CPU
		{4B8287B4-9F92-4D6E-88C5-FCD4D4FAAB88}.Debug|Any CPU.ActiveCfg = Debug|Any CPU
		{4B8287B4-9F92-4D6E-88C5-FCD4D4FAAB88}.Debug|Any CPU.Build.0 = Debug|Any CPU
		{4B8287B4-9F92-4D6E-88C5-FCD4D4FAAB88}.Debug|x64.ActiveCfg = Debug|Any CPU
		{4B8287B4-9F92-4D6E-88C5-FCD4D4FAAB88}.Debug|x64.Build.0 = Debug|Any CPU
		{4B8287B4-9F92-4D6E-88C5-FCD4D4FAAB88}.Debug|x86.ActiveCfg = Debug|Any CPU
		{4B8287B4-9F92-4D6E-88C5-FCD4D4FAAB88}.Debug|x86.Build.0 = Debug|Any CPU
		{4B8287B4-9F92-4D6E-88C5-FCD4D4FAAB88}.Release|Any CPU.ActiveCfg = Release|Any CPU
		{4B8287B4-9F92-4D6E-88C5-FCD4D4FAAB88}.Release|Any CPU.Build.0 = Release|Any CPU
		{4B8287B4-9F92-4D6E-88C5-FCD4D4FAAB88}.Release|x64.ActiveCfg = Release|Any CPU
		{4B8287B4-9F92-4D6E-88C5-FCD4D4FAAB88}.Release|x64.Build.0 = Release|Any CPU
		{4B8287B4-9F92-4D6E-88C5-FCD4D4FAAB88}.Release|x86.ActiveCfg = Release|Any CPU
		{4B8287B4-9F92-4D6E-88C5-FCD4D4FAAB88}.Release|x86.Build.0 = Release|Any CPU
	EndGlobalSection
EndGlobal
